golang.org/x/sys v0.11.0 h1:eG7RXZHdqOJ1i+0lgLgCpSXAp6M3LYlAo6osgSi0xOM=
golang.org/x/sys v0.11.0/go.mod h1:oPkhp1MJrh7nUepCBck5+mAzfO9JrbApNNgaTdGDITg=
golang.org/x/term v0.11.0 h1:F9tnn/DA/Im8nCwm+fX+1/eBwi4qFjRT++MhtVC4ZX0=
golang.org/x/term v0.11.0/go.mod h1:zC9APTIj3jG3FdV/Ons+XE1riIZXG4aZ4GTHiPZJPIU=
zettelstore.de/client.fossil v0.0.0-20230820193652-897d49b609a8 h1:fFrXi7PZKXPBj0HI9sslkpQLfaEnIIIhB2vbIm3iOA4=
zettelstore.de/client.fossil v0.0.0-20230820193652-897d49b609a8/go.mod h1:SVduA8jhuappsRddOfg/OuZR2eLfaZHJIXikrVUekuo=
zettelstore.de/sx.fossil v0.0.0-20230820193459-36f25b7f581c h1:jNTldLWlExhWTG2+AHiqcyQJw6xgJU5w7KKDSyB6UhE=
zettelstore.de/sx.fossil v0.0.0-20230820193459-36f25b7f581c/go.mod h1:Uw3OLM1ufOM4Xe0G51mvkTDUv2okd+HyDBMx+0ZG7ME=
