golang.org/x/sys v0.11.0 h1:eG7RXZHdqOJ1i+0lgLgCpSXAp6M3LYlAo6osgSi0xOM=
golang.org/x/sys v0.11.0/go.mod h1:oPkhp1MJrh7nUepCBck5+mAzfO9JrbApNNgaTdGDITg=
golang.org/x/term v0.11.0 h1:F9tnn/DA/Im8nCwm+fX+1/eBwi4qFjRT++MhtVC4ZX0=
golang.org/x/term v0.11.0/go.mod h1:zC9APTIj3jG3FdV/Ons+XE1riIZXG4aZ4GTHiPZJPIU=
zettelstore.de/client.fossil v0.0.0-20230806150145-242f7f1e3b67 h1:ZTvWxOmwSPwFPDHvFKg5lwy8vxT4KNdgXJVwrugehL4=
zettelstore.de/client.fossil v0.0.0-20230806150145-242f7f1e3b67/go.mod h1:MaVH7f0eHaWB5bK0GHNUiPJxKIYGyBk9amBUSbDZM0g=
zettelstore.de/sx.fossil v0.0.0-20230727172325-adec5a7ba284 h1:26xwZWEjdyL3wObczc/PKugv0EY6mgSH5NUe5kYFCt4=
zettelstore.de/sx.fossil v0.0.0-20230727172325-adec5a7ba284/go.mod h1:nsWXVrQG8RNKtoXzEMrWXNMdnpfIDU6Hb0pk56KpVKE=
