golang.org/x/sys v0.11.0 h1:eG7RXZHdqOJ1i+0lgLgCpSXAp6M3LYlAo6osgSi0xOM=
golang.org/x/sys v0.11.0/go.mod h1:oPkhp1MJrh7nUepCBck5+mAzfO9JrbApNNgaTdGDITg=
golang.org/x/term v0.11.0 h1:F9tnn/DA/Im8nCwm+fX+1/eBwi4qFjRT++MhtVC4ZX0=
golang.org/x/term v0.11.0/go.mod h1:zC9APTIj3jG3FdV/Ons+XE1riIZXG4aZ4GTHiPZJPIU=
zettelstore.de/client.fossil v0.0.0-20230828205926-f94c80b535f9 h1:2GNtsEuI6Jop1CTE0omCchmrM5ofKahmmvYcq/Y2qJQ=
zettelstore.de/client.fossil v0.0.0-20230828205926-f94c80b535f9/go.mod h1:gTOTLBy27k1NDbkK8R6NlkLLi6IwQZ4FMs5IEvrQ7OQ=
zettelstore.de/sx.fossil v0.0.0-20230828205728-9dee48ecee43 h1:KYHpEcZ2VYHjPjSllNbUWRPkgU/QB9ucejTqpY+0QxQ=
zettelstore.de/sx.fossil v0.0.0-20230828205728-9dee48ecee43/go.mod h1:Uw3OLM1ufOM4Xe0G51mvkTDUv2okd+HyDBMx+0ZG7ME=
