t73f.de/r/sx v0.0.0-20260306080443-ab609803ae73 h1:j4WuUmnm0jqgZv7ZFqfmF//+L6wj07q7u6xwov0T0KY=
t73f.de/r/sx v0.0.0-20260306080443-ab609803ae73/go.mod h1:WCICEsA//Zvt21fT2c9V34C2MlRzayLbAIo4hnO+zFU=
t73f.de/r/webs v0.0.0-20260306080620-a6c44b6362ea h1:m5Cre2Guc0EOg5PqNwrLO3n5Mo9fgnpmBiTjmP6GRI4=
t73f.de/r/webs v0.0.0-20260306080620-a6c44b6362ea/go.mod h1:3o9eSWw7yHW7WERgyKTmb6IjgyFE3eAFb8/WOBtNNrw=
t73f.de/r/zero v0.0.0-20260306080233-98be953a37cb h1:1jyJJtLg7PAjWXwj8Y8cCf8bqQNlwY6i/5XbIft+bsA=
t73f.de/r/zero v0.0.0-20260306080233-98be953a37cb/go.mod h1:KE6aqsi8tNfhUDERONkRjy3tV46gIXNHYOgd5I8OMt4=
t73f.de/r/zsc v0.0.0-20260306132809-ce478cefaaae h1:X9rOti9BmLdxcn/arCDvrlYqUSyApZua1LxrvDpdwK0=
t73f.de/r/zsc v0.0.0-20260306132809-ce478cefaaae/go.mod h1:uKI5Svs19ktJlWg1P8RrLhAnwZsTO/PZz5OdIaHxLvE=
t73f.de/r/zsx v0.0.0-20260306081015-97bc251a7ddd h1:SGEl+tfll1WuW4JvXBtLtYEnFy1pDu/xNpeGMSJFjdM=
t73f.de/r/zsx v0.0.0-20260306081015-97bc251a7ddd/go.mod h1:STdcI8T5X1yB2OaOVSmq9Y489mKH3XHuWKcV8tduoF4=
