t73f.de/r/sx v0.0.0-20250707071435-95b82f7d24bb h1:cYvTOpaJinh/EPB7i8nx7PtT7hniuSP+NZr74P9U+fE=
t73f.de/r/sx v0.0.0-20250707071435-95b82f7d24bb/go.mod h1:uglbFdRHlcpQVVyCNh4Fd7jbKo8alGBCjRp0aZv8IIg=
t73f.de/r/webs v0.0.0-20250707071548-227f3e99db55 h1:gl4XpbrzrtAFDY+4V9bixLTUruhzEcwvfKiZi1NqJY4=
t73f.de/r/webs v0.0.0-20250707071548-227f3e99db55/go.mod h1:b8/5E5Pe6WSWqh+T+sxLO5ZLiGVkuL5tgh86kx2OAIg=
t73f.de/r/zero v0.0.0-20250703105709-bb38976d4455 h1:TFRPPexX2WrwuF03hC+Be2ONx2bPzMMBlNDn0rk88eI=
t73f.de/r/zero v0.0.0-20250703105709-bb38976d4455/go.mod h1:Ovx7CYsjz45BNuIEMGZfqA7NdQxERydJqUGnOBoQaXQ=
t73f.de/r/zsc v0.0.0-20250707072124-be388711ad2a h1:p12BTQ8TdKZy6GcCRgVINKSeoMz0wBPcNG7ssYvLNrc=
t73f.de/r/zsc v0.0.0-20250707072124-be388711ad2a/go.mod h1:JnkeoahGBxNK0gDcTnAIfDP2rAP33BtnAU1/rCEewC8=
t73f.de/r/zsx v0.0.0-20250707071920-5e29047e4db7 h1:ERxpb1Hqln+NXoZDK6sqjmX3BzeoLO+O64f4bK0B6dk=
t73f.de/r/zsx v0.0.0-20250707071920-5e29047e4db7/go.mod h1:64/AjQ1GnEBoBhXI1D0bDMGDj7JCbtZUTT3WoA7kS0s=
