t73f.de/r/sx v0.0.0-20250225112807-3ae4b5ef3ec1 h1:TeR0u5MKJxQ4akO4rAcTeNLUpSVhKdNBBf0xXgt7FAA=
t73f.de/r/sx v0.0.0-20250225112807-3ae4b5ef3ec1/go.mod h1:hzg05uSCMk3D/DWaL0pdlowfL2aWQeGIfD1S04vV+Xg=
t73f.de/r/webs v0.0.0-20250213131522-cacd35cfa01a h1:hZF5UX2+XV8DP63xT1dCQ46lfYfn/0DOS3/yuR7g1cA=
t73f.de/r/webs v0.0.0-20250213131522-cacd35cfa01a/go.mod h1:zk92hSKB4iWyT290+163seNzu350TA9XLATC9kOldqo=
t73f.de/r/zero v0.0.0-20250213131408-74aa11527e0b h1:7o+HMhkCGdgCEiA4by/VVVNtE8hCQBnl0Lx5gHUwhVw=
t73f.de/r/zero v0.0.0-20250213131408-74aa11527e0b/go.mod h1:T1vFcHoymUQcr7+vENBkS1yryZRZ3YB8uRtnMy8yRBA=
t73f.de/r/zsc v0.0.0-20250225120310-75031f89e1fd h1:IGeQBg2WXEmm7AuKDd/DEw/vwB4xvBWV0+Hfp9KbBzo=
t73f.de/r/zsc v0.0.0-20250225120310-75031f89e1fd/go.mod h1:Irj1hwmUpzuikVFLfEOXj7IFo1Mw3oiaZrBv8hdsGkU=
